// !$*UTF8*$!
{
	archiveVersion = 1;
	classes = {
	};
	objectVersion = 56;
	objects = {

/* Begin PBXBuildFile section */
		5E848BD22AC9CD6C00E04672 /* Card.swift in Sources */ = {isa = PBXBuildFile; fileRef = 5E848BD12AC9CD6C00E04672 /* Card.swift */; };
		5E848BD42AC9D9D600E04672 /* SFSymbols.swift in Sources */ = {isa = PBXBuildFile; fileRef = 5E848BD32AC9D9D600E04672 /* SFSymbols.swift */; };
		5E848BD62AC9DE7900E04672 /* SimonsMemoryGame.swift in Sources */ = {isa = PBXBuildFile; fileRef = 5E848BD52AC9DE7900E04672 /* SimonsMemoryGame.swift */; };
		5E848BD82ACA738000E04672 /* CardCell.swift in Sources */ = {isa = PBXBuildFile; fileRef = 5E848BD72ACA738000E04672 /* CardCell.swift */; };
		5E848BDA2ACA756F00E04672 /* CardService.swift in Sources */ = {isa = PBXBuildFile; fileRef = 5E848BD92ACA756F00E04672 /* CardService.swift */; };
		5E848BDC2ACA77CA00E04672 /* SfSymbolsCardsService.swift in Sources */ = {isa = PBXBuildFile; fileRef = 5E848BDB2ACA77CA00E04672 /* SfSymbolsCardsService.swift */; };
		5EC39D612AB6379B00BE2354 /* SimonsMemoryApp.swift in Sources */ = {isa = PBXBuildFile; fileRef = 5EC39D602AB6379B00BE2354 /* SimonsMemoryApp.swift */; };
		5EC39D632AB6379B00BE2354 /* ContentView.swift in Sources */ = {isa = PBXBuildFile; fileRef = 5EC39D622AB6379B00BE2354 /* ContentView.swift */; };
		5EC39D652AB6379C00BE2354 /* Assets.xcassets in Resources */ = {isa = PBXBuildFile; fileRef = 5EC39D642AB6379C00BE2354 /* Assets.xcassets */; };
		5EC39D682AB6379C00BE2354 /* Preview Assets.xcassets in Resources */ = {isa = PBXBuildFile; fileRef = 5EC39D672AB6379C00BE2354 /* Preview Assets.xcassets */; };
/* End PBXBuildFile section */

/* Begin PBXFileReference section */
		5E848BD12AC9CD6C00E04672 /* Card.swift */ = {isa = PBXFileReference; lastKnownFileType = sourcecode.swift; path = Card.swift; sourceTree = "<group>"; };
		5E848BD32AC9D9D600E04672 /* SFSymbols.swift */ = {isa = PBXFileReference; lastKnownFileType = sourcecode.swift; path = SFSymbols.swift; sourceTree = "<group>"; };
		5E848BD52AC9DE7900E04672 /* SimonsMemoryGame.swift */ = {isa = PBXFileReference; lastKnownFileType = sourcecode.swift; path = SimonsMemoryGame.swift; sourceTree = "<group>"; };
		5E848BD72ACA738000E04672 /* CardCell.swift */ = {isa = PBXFileReference; lastKnownFileType = sourcecode.swift; path = CardCell.swift; sourceTree = "<group>"; };
		5E848BD92ACA756F00E04672 /* CardService.swift */ = {isa = PBXFileReference; lastKnownFileType = sourcecode.swift; path = CardService.swift; sourceTree = "<group>"; };
		5E848BDB2ACA77CA00E04672 /* SfSymbolsCardsService.swift */ = {isa = PBXFileReference; lastKnownFileType = sourcecode.swift; path = SfSymbolsCardsService.swift; sourceTree = "<group>"; };
		5EC39D5D2AB6379B00BE2354 /* SimonsMemory.app */ = {isa = PBXFileReference; explicitFileType = wrapper.application; includeInIndex = 0; path = SimonsMemory.app; sourceTree = BUILT_PRODUCTS_DIR; };
		5EC39D602AB6379B00BE2354 /* SimonsMemoryApp.swift */ = {isa = PBXFileReference; lastKnownFileType = sourcecode.swift; path = SimonsMemoryApp.swift; sourceTree = "<group>"; };
		5EC39D622AB6379B00BE2354 /* ContentView.swift */ = {isa = PBXFileReference; lastKnownFileType = sourcecode.swift; path = ContentView.swift; sourceTree = "<group>"; };
		5EC39D642AB6379C00BE2354 /* Assets.xcassets */ = {isa = PBXFileReference; lastKnownFileType = folder.assetcatalog; path = Assets.xcassets; sourceTree = "<group>"; };
		5EC39D672AB6379C00BE2354 /* Preview Assets.xcassets */ = {isa = PBXFileReference; lastKnownFileType = folder.assetcatalog; path = "Preview Assets.xcassets"; sourceTree = "<group>"; };
/* End PBXFileReference section */

/* Begin PBXFrameworksBuildPhase section */
		5EC39D5A2AB6379B00BE2354 /* Frameworks */ = {
			isa = PBXFrameworksBuildPhase;
			buildActionMask = 2147483647;
			files = (
			);
			runOnlyForDeploymentPostprocessing = 0;
		};
/* End PBXFrameworksBuildPhase section */

/* Begin PBXGroup section */
		5EC39D542AB6379B00BE2354 = {
			isa = PBXGroup;
			children = (
				5EC39D5F2AB6379B00BE2354 /* SimonsMemory */,
				5EC39D5E2AB6379B00BE2354 /* Products */,
			);
			sourceTree = "<group>";
		};
		5EC39D5E2AB6379B00BE2354 /* Products */ = {
			isa = PBXGroup;
			children = (
				5EC39D5D2AB6379B00BE2354 /* SimonsMemory.app */,
			);
			name = Products;
			sourceTree = "<group>";
		};
		5EC39D5F2AB6379B00BE2354 /* SimonsMemory */ = {
			isa = PBXGroup;
			children = (
				5EC39D602AB6379B00BE2354 /* SimonsMemoryApp.swift */,
				5EC39D622AB6379B00BE2354 /* ContentView.swift */,
				5E848BD32AC9D9D600E04672 /* SFSymbols.swift */,
				5E848BD12AC9CD6C00E04672 /* Card.swift */,
				5E848BD72ACA738000E04672 /* CardCell.swift */,
				5E848BD52AC9DE7900E04672 /* SimonsMemoryGame.swift */,
				5E848BD92ACA756F00E04672 /* CardService.swift */,
				5E848BDB2ACA77CA00E04672 /* SfSymbolsCardsService.swift */,
				5EC39D642AB6379C00BE2354 /* Assets.xcassets */,
				5EC39D662AB6379C00BE2354 /* Preview Content */,
			);
			path = SimonsMemory;
			sourceTree = "<group>";
		};
		5EC39D662AB6379C00BE2354 /* Preview Content */ = {
			isa = PBXGroup;
			children = (
				5EC39D672AB6379C00BE2354 /* Preview Assets.xcassets */,
			);
			path = "Preview Content";
			sourceTree = "<group>";
		};
/* End PBXGroup section */

/* Begin PBXNativeTarget section */
		5EC39D5C2AB6379B00BE2354 /* SimonsMemory */ = {
			isa = PBXNativeTarget;
			buildConfigurationList = 5EC39D6B2AB6379C00BE2354 /* Build configuration list for PBXNativeTarget "SimonsMemory" */;
			buildPhases = (
				5EC39D592AB6379B00BE2354 /* Sources */,
				5EC39D5A2AB6379B00BE2354 /* Frameworks */,
				5EC39D5B2AB6379B00BE2354 /* Resources */,
			);
			buildRules = (
			);
			dependencies = (
			);
			name = SimonsMemory;
			productName = SimonsMemory;
			productReference = 5EC39D5D2AB6379B00BE2354 /* SimonsMemory.app */;
			productType = "com.apple.product-type.application";
		};
/* End PBXNativeTarget section */

/* Begin PBXProject section */
		5EC39D552AB6379B00BE2354 /* Project object */ = {
			isa = PBXProject;
			attributes = {
				BuildIndependentTargetsInParallel = 1;
				LastSwiftUpdateCheck = 1430;
				LastUpgradeCheck = 1430;
				TargetAttributes = {
					5EC39D5C2AB6379B00BE2354 = {
						CreatedOnToolsVersion = 14.3.1;
					};
				};
			};
			buildConfigurationList = 5EC39D582AB6379B00BE2354 /* Build configuration list for PBXProject "SimonsMemory" */;
			compatibilityVersion = "Xcode 14.0";
			developmentRegion = en;
			hasScannedForEncodings = 0;
			knownRegions = (
				en,
				Base,
			);
			mainGroup = 5EC39D542AB6379B00BE2354;
			productRefGroup = 5EC39D5E2AB6379B00BE2354 /* Products */;
			projectDirPath = "";
			projectRoot = "";
			targets = (
				5EC39D5C2AB6379B00BE2354 /* SimonsMemory */,
			);
		};
/* End PBXProject section */

/* Begin PBXResourcesBuildPhase section */
		5EC39D5B2AB6379B00BE2354 /* Resources */ = {
			isa = PBXResourcesBuildPhase;
			buildActionMask = 2147483647;
			files = (
				5EC39D682AB6379C00BE2354 /* Preview Assets.xcassets in Resources */,
				5EC39D652AB6379C00BE2354 /* Assets.xcassets in Resources */,
			);
			runOnlyForDeploymentPostprocessing = 0;
		};
/* End PBXResourcesBuildPhase section */

/* Begin PBXSourcesBuildPhase section */
		5EC39D592AB6379B00BE2354 /* Sources */ = {
			isa = PBXSourcesBuildPhase;
			buildActionMask = 2147483647;
			files = (
				5E848BD62AC9DE7900E04672 /* SimonsMemoryGame.swift in Sources */,
				5E848BDA2ACA756F00E04672 /* CardService.swift in Sources */,
				5EC39D632AB6379B00BE2354 /* ContentView.swift in Sources */,
				5E848BD82ACA738000E04672 /* CardCell.swift in Sources */,
				5E848BD42AC9D9D600E04672 /* SFSymbols.swift in Sources */,
				5EC39D612AB6379B00BE2354 /* SimonsMemoryApp.swift in Sources */,
				5E848BDC2ACA77CA00E04672 /* SfSymbolsCardsService.swift in Sources */,
				5E848BD22AC9CD6C00E04672 /* Card.swift in Sources */,
			);
			runOnlyForDeploymentPostprocessing = 0;
		};
/* End PBXSourcesBuildPhase section */

/* Begin XCBuildConfiguration section */
		5EC39D692AB6379C00BE2354 /* Debug */ = {
			isa = XCBuildConfiguration;
			buildSettings = {
				ALWAYS_SEARCH_USER_PATHS = NO;
				CLANG_ANALYZER_NONNULL = YES;
				CLANG_ANALYZER_NUMBER_OBJECT_CONVERSION = YES_AGGRESSIVE;
				CLANG_CXX_LANGUAGE_STANDARD = "gnu++20";
				CLANG_ENABLE_MODULES = YES;
				CLANG_ENABLE_OBJC_ARC = YES;
				CLANG_ENABLE_OBJC_WEAK = YES;
				CLANG_WARN_BLOCK_CAPTURE_AUTORELEASING = YES;
				CLANG_WARN_BOOL_CONVERSION = YES;
				CLANG_WARN_COMMA = YES;
				CLANG_WARN_CONSTANT_CONVERSION = YES;
				CLANG_WARN_DEPRECATED_OBJC_IMPLEMENTATIONS = YES;
				CLANG_WARN_DIRECT_OBJC_ISA_USAGE = YES_ERROR;
				CLANG_WARN_DOCUMENTATION_COMMENTS = YES;
				CLANG_WARN_EMPTY_BODY = YES;
				CLANG_WARN_ENUM_CONVERSION = YES;
				CLANG_WARN_INFINITE_RECURSION = YES;
				CLANG_WARN_INT_CONVERSION = YES;
				CLANG_WARN_NON_LITERAL_NULL_CONVERSION = YES;
				CLANG_WARN_OBJC_IMPLICIT_RETAIN_SELF = YES;
				CLANG_WARN_OBJC_LITERAL_CONVERSION = YES;
				CLANG_WARN_OBJC_ROOT_CLASS = YES_ERROR;
				CLANG_WARN_QUOTED_INCLUDE_IN_FRAMEWORK_HEADER = YES;
				CLANG_WARN_RANGE_LOOP_ANALYSIS = YES;
				CLANG_WARN_STRICT_PROTOTYPES = YES;
				CLANG_WARN_SUSPICIOUS_MOVE = YES;
				CLANG_WARN_UNGUARDED_AVAILABILITY = YES_AGGRESSIVE;
				CLANG_WARN_UNREACHABLE_CODE = YES;
				CLANG_WARN__DUPLICATE_METHOD_MATCH = YES;
				COPY_PHASE_STRIP = NO;
				DEBUG_INFORMATION_FORMAT = dwarf;
				ENABLE_STRICT_OBJC_MSGSEND = YES;
				ENABLE_TESTABILITY = YES;
				GCC_C_LANGUAGE_STANDARD = gnu11;
				GCC_DYNAMIC_NO_PIC = NO;
				GCC_NO_COMMON_BLOCKS = YES;
				GCC_OPTIMIZATION_LEVEL = 0;
				GCC_PREPROCESSOR_DEFINITIONS = (
					"DEBUG=1",
					"$(inherited)",
				);
				GCC_WARN_64_TO_32_BIT_CONVERSION = YES;
				GCC_WARN_ABOUT_RETURN_TYPE = YES_ERROR;
				GCC_WARN_UNDECLARED_SELECTOR = YES;
				GCC_WARN_UNINITIALIZED_AUTOS = YES_AGGRESSIVE;
				GCC_WARN_UNUSED_FUNCTION = YES;
				GCC_WARN_UNUSED_VARIABLE = YES;
				IPHONEOS_DEPLOYMENT_TARGET = 16.4;
				MTL_ENABLE_DEBUG_INFO = INCLUDE_SOURCE;
				MTL_FAST_MATH = YES;
				ONLY_ACTIVE_ARCH = YES;
				SDKROOT = iphoneos;
				SWIFT_ACTIVE_COMPILATION_CONDITIONS = DEBUG;
				SWIFT_OPTIMIZATION_LEVEL = "-Onone";
			};
			name = Debug;
		};
		5EC39D6A2AB6379C00BE2354 /* Release */ = {
			isa = XCBuildConfiguration;
			buildSettings = {
				ALWAYS_SEARCH_USER_PATHS = NO;
				CLANG_ANALYZER_NONNULL = YES;
				CLANG_ANALYZER_NUMBER_OBJECT_CONVERSION = YES_AGGRESSIVE;
				CLANG_CXX_LANGUAGE_STANDARD = "gnu++20";
				CLANG_ENABLE_MODULES = YES;
				CLANG_ENABLE_OBJC_ARC = YES;
				CLANG_ENABLE_OBJC_WEAK = YES;
				CLANG_WARN_BLOCK_CAPTURE_AUTORELEASING = YES;
				CLANG_WARN_BOOL_CONVERSION = YES;
				CLANG_WARN_COMMA = YES;
				CLANG_WARN_CONSTANT_CONVERSION = YES;
				CLANG_WARN_DEPRECATED_OBJC_IMPLEMENTATIONS = YES;
				CLANG_WARN_DIRECT_OBJC_ISA_USAGE = YES_ERROR;
				CLANG_WARN_DOCUMENTATION_COMMENTS = YES;
				CLANG_WARN_EMPTY_BODY = YES;
				CLANG_WARN_ENUM_CONVERSION = YES;
				CLANG_WARN_INFINITE_RECURSION = YES;
				CLANG_WARN_INT_CONVERSION = YES;
				CLANG_WARN_NON_LITERAL_NULL_CONVERSION = YES;
				CLANG_WARN_OBJC_IMPLICIT_RETAIN_SELF = YES;
				CLANG_WARN_OBJC_LITERAL_CONVERSION = YES;
				CLANG_WARN_OBJC_ROOT_CLASS = YES_ERROR;
				CLANG_WARN_QUOTED_INCLUDE_IN_FRAMEWORK_HEADER = YES;
				CLANG_WARN_RANGE_LOOP_ANALYSIS = YES;
				CLANG_WARN_STRICT_PROTOTYPES = YES;
				CLANG_WARN_SUSPICIOUS_MOVE = YES;
				CLANG_WARN_UNGUARDED_AVAILABILITY = YES_AGGRESSIVE;
				CLANG_WARN_UNREACHABLE_CODE = YES;
				CLANG_WARN__DUPLICATE_METHOD_MATCH = YES;
				COPY_PHASE_STRIP = NO;
				DEBUG_INFORMATION_FORMAT = "dwarf-with-dsym";
				ENABLE_NS_ASSERTIONS = NO;
				ENABLE_STRICT_OBJC_MSGSEND = YES;
				GCC_C_LANGUAGE_STANDARD = gnu11;
				GCC_NO_COMMON_BLOCKS = YES;
				GCC_WARN_64_TO_32_BIT_CONVERSION = YES;
				GCC_WARN_ABOUT_RETURN_TYPE = YES_ERROR;
				GCC_WARN_UNDECLARED_SELECTOR = YES;
				GCC_WARN_UNINITIALIZED_AUTOS = YES_AGGRESSIVE;
				GCC_WARN_UNUSED_FUNCTION = YES;
				GCC_WARN_UNUSED_VARIABLE = YES;
				IPHONEOS_DEPLOYMENT_TARGET = 16.4;
				MTL_ENABLE_DEBUG_INFO = NO;
				MTL_FAST_MATH = YES;
				SDKROOT = iphoneos;
				SWIFT_COMPILATION_MODE = wholemodule;
				SWIFT_OPTIMIZATION_LEVEL = "-O";
				VALIDATE_PRODUCT = YES;
			};
			name = Release;
		};
		5EC39D6C2AB6379C00BE2354 /* Debug */ = {
			isa = XCBuildConfiguration;
			buildSettings = {
				ASSETCATALOG_COMPILER_APPICON_NAME = AppIcon;
				ASSETCATALOG_COMPILER_GLOBAL_ACCENT_COLOR_NAME = AccentColor;
				CODE_SIGN_STYLE = Automatic;
				CURRENT_PROJECT_VERSION = 1;
				DEVELOPMENT_ASSET_PATHS = "\"SimonsMemory/Preview Content\"";
				DEVELOPMENT_TEAM = L8M745JQ7H;
				ENABLE_PREVIEWS = YES;
				GENERATE_INFOPLIST_FILE = YES;
				INFOPLIST_KEY_CFBundleDisplayName = "Simon's Memory";
				INFOPLIST_KEY_UIApplicationSceneManifest_Generation = YES;
				INFOPLIST_KEY_UIApplicationSupportsIndirectInputEvents = YES;
				INFOPLIST_KEY_UILaunchScreen_Generation = YES;
				INFOPLIST_KEY_UISupportedInterfaceOrientations_iPad = "UIInterfaceOrientationPortrait UIInterfaceOrientationPortraitUpsideDown UIInterfaceOrientationLandscapeLeft UIInterfaceOrientationLandscapeRight";
				INFOPLIST_KEY_UISupportedInterfaceOrientations_iPhone = "UIInterfaceOrientationPortrait UIInterfaceOrientationLandscapeLeft UIInterfaceOrientationLandscapeRight";
				LD_RUNPATH_SEARCH_PATHS = (
					"$(inherited)",
					"@executable_path/Frameworks",
				);
				MARKETING_VERSION = 1.0;
				PRODUCT_BUNDLE_IDENTIFIER = com.brunothuma.SimonsMemory;
				PRODUCT_NAME = "$(TARGET_NAME)";
				SWIFT_EMIT_LOC_STRINGS = YES;
				SWIFT_VERSION = 5.0;
				TARGETED_DEVICE_FAMILY = "1,2";
			};
			name = Debug;
		};
		5EC39D6D2AB6379C00BE2354 /* Release */ = {
			isa = XCBuildConfiguration;
			buildSettings = {
				ASSETCATALOG_COMPILER_APPICON_NAME = AppIcon;
				ASSETCATALOG_COMPILER_GLOBAL_ACCENT_COLOR_NAME = AccentColor;
				CODE_SIGN_STYLE = Automatic;
				CURRENT_PROJECT_VERSION = 1;
				DEVELOPMENT_ASSET_PATHS = "\"SimonsMemory/Preview Content\"";
				DEVELOPMENT_TEAM = L8M745JQ7H;
				ENABLE_PREVIEWS = YES;
				GENERATE_INFOPLIST_FILE = YES;
				INFOPLIST_KEY_CFBundleDisplayName = "Simon's Memory";
				INFOPLIST_KEY_UIApplicationSceneManifest_Generation = YES;
				INFOPLIST_KEY_UIApplicationSupportsIndirectInputEvents = YES;
				INFOPLIST_KEY_UILaunchScreen_Generation = YES;
				INFOPLIST_KEY_UISupportedInterfaceOrientations_iPad = "UIInterfaceOrientationPortrait UIInterfaceOrientationPortraitUpsideDown UIInterfaceOrientationLandscapeLeft UIInterfaceOrientationLandscapeRight";
				INFOPLIST_KEY_UISupportedInterfaceOrientations_iPhone = "UIInterfaceOrientationPortrait UIInterfaceOrientationLandscapeLeft UIInterfaceOrientationLandscapeRight";
				LD_RUNPATH_SEARCH_PATHS = (
					"$(inherited)",
					"@executable_path/Frameworks",
				);
				MARKETING_VERSION = 1.0;
				PRODUCT_BUNDLE_IDENTIFIER = com.brunothuma.SimonsMemory;
				PRODUCT_NAME = "$(TARGET_NAME)";
				SWIFT_EMIT_LOC_STRINGS = YES;
				SWIFT_VERSION = 5.0;
				TARGETED_DEVICE_FAMILY = "1,2";
			};
			name = Release;
		};
/* End XCBuildConfiguration section */

/* Begin XCConfigurationList section */
		5EC39D582AB6379B00BE2354 /* Build configuration list for PBXProject "SimonsMemory" */ = {
			isa = XCConfigurationList;
			buildConfigurations = (
				5EC39D692AB6379C00BE2354 /* Debug */,
				5EC39D6A2AB6379C00BE2354 /* Release */,
			);
			defaultConfigurationIsVisible = 0;
			defaultConfigurationName = Release;
		};
		5EC39D6B2AB6379C00BE2354 /* Build configuration list for PBXNativeTarget "SimonsMemory" */ = {
			isa = XCConfigurationList;
			buildConfigurations = (
				5EC39D6C2AB6379C00BE2354 /* Debug */,
				5EC39D6D2AB6379C00BE2354 /* Release */,
			);
			defaultConfigurationIsVisible = 0;
			defaultConfigurationName = Release;
		};
/* End XCConfigurationList section */
	};
	rootObject = 5EC39D552AB6379B00BE2354 /* Project object */;
}
